github.com/google/go-cmp v0.6.0 h1:ofyhxvXcZhMsU5ulbFiLKl/XBFqE1GSq7atu8tAmTRI=
github.com/google/go-cmp v0.6.0/go.mod h1:17dUlkBOakJ0+DkrSSNjCkIjxS6bF9zb3elmeNGIjoY=
github.com/muktihari/fit v0.20.2 h1:tUgrILsrkAFX5J4SGCnXRWaH1d9OxRSpPYJmxu5vuCs=
github.com/muktihari/fit v0.20.2/go.mod h1:oZMsuFN1kMQVnwYGTkYm431LQS3DpWEST+cl2sN8w6E=
github.com/muktihari/xmltokenizer v0.0.4 h1:x4DZWvfcEAJR+iBPb8XeiWL1J15SY21bCaem76wmmjw=
github.com/muktihari/xmltokenizer v0.0.4/go.mod h1:yTxhndrcpmZEPYqQGSN51MwkzPQgGSkRpqW5ZFBpdF0=
golang.org/x/exp v0.0.0-20240613232115-7f521ea00fb8 h1:yixxcjnhBmY0nkL253HFVIm0JsFHwrHdT3Yh6szTnfY=
golang.org/x/exp v0.0.0-20240613232115-7f521ea00fb8/go.mod h1:jj3sYF3dwk5D+ghuXyeI3r5MFf+NT2An6/9dOA95KSI=
golang.org/x/text v0.16.0 h1:a94ExnEXNtEwYLGJSIUxnWoxoRz/ZcCsV63ROupILh4=
golang.org/x/text v0.16.0/go.mod h1:GhwF1Be+LQoKShO3cGOHzqOgRrGaYc9AvblQOmPVHnI=
